// !$*UTF8*$!
{
	archiveVersion = 1;
	classes = {
	};
	objectVersion = 50;
	objects = {

/* Begin PBXBuildFile section */
		669105A425F25CEB00AEF065 /* AppDelegate.swift in Sources */ = {isa = PBXBuildFile; fileRef = 669105A325F25CEB00AEF065 /* AppDelegate.swift */; };
		669105A625F25CEB00AEF065 /* SceneDelegate.swift in Sources */ = {isa = PBXBuildFile; fileRef = 669105A525F25CEB00AEF065 /* SceneDelegate.swift */; };
		669105AB25F25CEB00AEF065 /* Main.storyboard in Resources */ = {isa = PBXBuildFile; fileRef = 669105A925F25CEB00AEF065 /* Main.storyboard */; };
		669105AD25F25CED00AEF065 /* Assets.xcassets in Resources */ = {isa = PBXBuildFile; fileRef = 669105AC25F25CED00AEF065 /* Assets.xcassets */; };
		669105B025F25CED00AEF065 /* LaunchScreen.storyboard in Resources */ = {isa = PBXBuildFile; fileRef = 669105AE25F25CED00AEF065 /* LaunchScreen.storyboard */; };
		669105C025F25E3400AEF065 /* ImageTableViewController.swift in Sources */ = {isa = PBXBuildFile; fileRef = 669105BF25F25E3400AEF065 /* ImageTableViewController.swift */; };
		669105CC25F2654F00AEF065 /* SearchResults.swift in Sources */ = {isa = PBXBuildFile; fileRef = 669105CB25F2654F00AEF065 /* SearchResults.swift */; };
		669105CF25F2658500AEF065 /* NetworkService.swift in Sources */ = {isa = PBXBuildFile; fileRef = 669105CE25F2658500AEF065 /* NetworkService.swift */; };
		669105D225F265A900AEF065 /* NetworkDataFetcher.swift in Sources */ = {isa = PBXBuildFile; fileRef = 669105D125F265A900AEF065 /* NetworkDataFetcher.swift */; };
		669105D525F265C900AEF065 /* API.swift in Sources */ = {isa = PBXBuildFile; fileRef = 669105D425F265C800AEF065 /* API.swift */; };
		669105D925F268E700AEF065 /* ImageTableViewCell.swift in Sources */ = {isa = PBXBuildFile; fileRef = 669105D825F268E700AEF065 /* ImageTableViewCell.swift */; };
		6691060725F338C900AEF065 /* Screenshot_1.png in Resources */ = {isa = PBXBuildFile; fileRef = 6691060625F338C900AEF065 /* Screenshot_1.png */; };
/* End PBXBuildFile section */

/* Begin PBXFileReference section */
		669105A025F25CEB00AEF065 /* ImageDownloader.app */ = {isa = PBXFileReference; explicitFileType = wrapper.application; includeInIndex = 0; path = ImageDownloader.app; sourceTree = BUILT_PRODUCTS_DIR; };
		669105A325F25CEB00AEF065 /* AppDelegate.swift */ = {isa = PBXFileReference; lastKnownFileType = sourcecode.swift; path = AppDelegate.swift; sourceTree = "<group>"; };
		669105A525F25CEB00AEF065 /* SceneDelegate.swift */ = {isa = PBXFileReference; lastKnownFileType = sourcecode.swift; path = SceneDelegate.swift; sourceTree = "<group>"; };
		669105AA25F25CEB00AEF065 /* Base */ = {isa = PBXFileReference; lastKnownFileType = file.storyboard; name = Base; path = Base.lproj/Main.storyboard; sourceTree = "<group>"; };
		669105AC25F25CED00AEF065 /* Assets.xcassets */ = {isa = PBXFileReference; lastKnownFileType = folder.assetcatalog; path = Assets.xcassets; sourceTree = "<group>"; };
		669105AF25F25CED00AEF065 /* Base */ = {isa = PBXFileReference; lastKnownFileType = file.storyboard; name = Base; path = Base.lproj/LaunchScreen.storyboard; sourceTree = "<group>"; };
		669105B125F25CED00AEF065 /* Info.plist */ = {isa = PBXFileReference; lastKnownFileType = text.plist.xml; path = Info.plist; sourceTree = "<group>"; };
		669105BF25F25E3400AEF065 /* ImageTableViewController.swift */ = {isa = PBXFileReference; lastKnownFileType = sourcecode.swift; path = ImageTableViewController.swift; sourceTree = "<group>"; };
		669105CB25F2654F00AEF065 /* SearchResults.swift */ = {isa = PBXFileReference; lastKnownFileType = sourcecode.swift; path = SearchResults.swift; sourceTree = "<group>"; };
		669105CE25F2658500AEF065 /* NetworkService.swift */ = {isa = PBXFileReference; lastKnownFileType = sourcecode.swift; path = NetworkService.swift; sourceTree = "<group>"; };
		669105D125F265A900AEF065 /* NetworkDataFetcher.swift */ = {isa = PBXFileReference; lastKnownFileType = sourcecode.swift; path = NetworkDataFetcher.swift; sourceTree = "<group>"; };
		669105D425F265C800AEF065 /* API.swift */ = {isa = PBXFileReference; lastKnownFileType = sourcecode.swift; path = API.swift; sourceTree = "<group>"; };
		669105D825F268E700AEF065 /* ImageTableViewCell.swift */ = {isa = PBXFileReference; lastKnownFileType = sourcecode.swift; path = ImageTableViewCell.swift; sourceTree = "<group>"; };
		6691060625F338C900AEF065 /* Screenshot_1.png */ = {isa = PBXFileReference; lastKnownFileType = image.png; path = Screenshot_1.png; sourceTree = "<group>"; };
/* End PBXFileReference section */

/* Begin PBXFrameworksBuildPhase section */
		6691059D25F25CEB00AEF065 /* Frameworks */ = {
			isa = PBXFrameworksBuildPhase;
			buildActionMask = 2147483647;
			files = (
			);
			runOnlyForDeploymentPostprocessing = 0;
		};
/* End PBXFrameworksBuildPhase section */

/* Begin PBXGroup section */
		6691059725F25CEB00AEF065 = {
			isa = PBXGroup;
			children = (
				669105A225F25CEB00AEF065 /* ImageDownloader */,
				669105A125F25CEB00AEF065 /* Products */,
			);
			sourceTree = "<group>";
		};
		669105A125F25CEB00AEF065 /* Products */ = {
			isa = PBXGroup;
			children = (
				669105A025F25CEB00AEF065 /* ImageDownloader.app */,
			);
			name = Products;
			sourceTree = "<group>";
		};
		669105A225F25CEB00AEF065 /* ImageDownloader */ = {
			isa = PBXGroup;
			children = (
				669105C225F2605000AEF065 /* Model */,
				669105C325F2605700AEF065 /* View */,
				669105C425F2605D00AEF065 /* Controller */,
				669105C625F2607800AEF065 /* Service */,
				669105C525F2606500AEF065 /* Helpers */,
			);
			path = ImageDownloader;
			sourceTree = "<group>";
		};
		669105C225F2605000AEF065 /* Model */ = {
			isa = PBXGroup;
			children = (
				669105CB25F2654F00AEF065 /* SearchResults.swift */,
			);
			path = Model;
			sourceTree = "<group>";
		};
		669105C325F2605700AEF065 /* View */ = {
			isa = PBXGroup;
			children = (
				669105AE25F25CED00AEF065 /* LaunchScreen.storyboard */,
				669105A925F25CEB00AEF065 /* Main.storyboard */,
				669105D725F268C100AEF065 /* Cell */,
			);
			path = View;
			sourceTree = "<group>";
		};
		669105C425F2605D00AEF065 /* Controller */ = {
			isa = PBXGroup;
			children = (
				669105BF25F25E3400AEF065 /* ImageTableViewController.swift */,
			);
			path = Controller;
			sourceTree = "<group>";
		};
		669105C525F2606500AEF065 /* Helpers */ = {
			isa = PBXGroup;
			children = (
				6691060525F338B900AEF065 /* Screenshots */,
				669105A325F25CEB00AEF065 /* AppDelegate.swift */,
				669105A525F25CEB00AEF065 /* SceneDelegate.swift */,
				669105AC25F25CED00AEF065 /* Assets.xcassets */,
				669105B125F25CED00AEF065 /* Info.plist */,
			);
			path = Helpers;
			sourceTree = "<group>";
		};
		669105C625F2607800AEF065 /* Service */ = {
			isa = PBXGroup;
			children = (
				669105CE25F2658500AEF065 /* NetworkService.swift */,
				669105D125F265A900AEF065 /* NetworkDataFetcher.swift */,
				669105D425F265C800AEF065 /* API.swift */,
			);
			path = Service;
			sourceTree = "<group>";
		};
		669105D725F268C100AEF065 /* Cell */ = {
			isa = PBXGroup;
			children = (
				669105D825F268E700AEF065 /* ImageTableViewCell.swift */,
			);
			path = Cell;
			sourceTree = "<group>";
		};
		6691060525F338B900AEF065 /* Screenshots */ = {
			isa = PBXGroup;
			children = (
				6691060625F338C900AEF065 /* Screenshot_1.png */,
			);
			path = Screenshots;
			sourceTree = "<group>";
		};
/* End PBXGroup section */

/* Begin PBXNativeTarget section */
		6691059F25F25CEB00AEF065 /* ImageDownloader */ = {
			isa = PBXNativeTarget;
			buildConfigurationList = 669105B425F25CED00AEF065 /* Build configuration list for PBXNativeTarget "ImageDownloader" */;
			buildPhases = (
				6691059C25F25CEB00AEF065 /* Sources */,
				6691059D25F25CEB00AEF065 /* Frameworks */,
				6691059E25F25CEB00AEF065 /* Resources */,
			);
			buildRules = (
			);
			dependencies = (
			);
			name = ImageDownloader;
			productName = ImageDownloader;
			productReference = 669105A025F25CEB00AEF065 /* ImageDownloader.app */;
			productType = "com.apple.product-type.application";
		};
/* End PBXNativeTarget section */

/* Begin PBXProject section */
		6691059825F25CEB00AEF065 /* Project object */ = {
			isa = PBXProject;
			attributes = {
				LastSwiftUpdateCheck = 1240;
				LastUpgradeCheck = 1240;
				TargetAttributes = {
					6691059F25F25CEB00AEF065 = {
						CreatedOnToolsVersion = 12.4;
					};
				};
			};
			buildConfigurationList = 6691059B25F25CEB00AEF065 /* Build configuration list for PBXProject "ImageDownloader" */;
			compatibilityVersion = "Xcode 9.3";
			developmentRegion = en;
			hasScannedForEncodings = 0;
			knownRegions = (
				en,
				Base,
			);
			mainGroup = 6691059725F25CEB00AEF065;
			productRefGroup = 669105A125F25CEB00AEF065 /* Products */;
			projectDirPath = "";
			projectRoot = "";
			targets = (
				6691059F25F25CEB00AEF065 /* ImageDownloader */,
			);
		};
/* End PBXProject section */

/* Begin PBXResourcesBuildPhase section */
		6691059E25F25CEB00AEF065 /* Resources */ = {
			isa = PBXResourcesBuildPhase;
			buildActionMask = 2147483647;
			files = (
				669105B025F25CED00AEF065 /* LaunchScreen.storyboard in Resources */,
				6691060725F338C900AEF065 /* Screenshot_1.png in Resources */,
				669105AD25F25CED00AEF065 /* Assets.xcassets in Resources */,
				669105AB25F25CEB00AEF065 /* Main.storyboard in Resources */,
			);
			runOnlyForDeploymentPostprocessing = 0;
		};
/* End PBXResourcesBuildPhase section */

/* Begin PBXSourcesBuildPhase section */
		6691059C25F25CEB00AEF065 /* Sources */ = {
			isa = PBXSourcesBuildPhase;
			buildActionMask = 2147483647;
			files = (
				669105D225F265A900AEF065 /* NetworkDataFetcher.swift in Sources */,
				669105D925F268E700AEF065 /* ImageTableViewCell.swift in Sources */,
				669105CF25F2658500AEF065 /* NetworkService.swift in Sources */,
				669105A425F25CEB00AEF065 /* AppDelegate.swift in Sources */,
				669105C025F25E3400AEF065 /* ImageTableViewController.swift in Sources */,
				669105CC25F2654F00AEF065 /* SearchResults.swift in Sources */,
				669105A625F25CEB00AEF065 /* SceneDelegate.swift in Sources */,
				669105D525F265C900AEF065 /* API.swift in Sources */,
			);
			runOnlyForDeploymentPostprocessing = 0;
		};
/* End PBXSourcesBuildPhase section */

/* Begin PBXVariantGroup section */
		669105A925F25CEB00AEF065 /* Main.storyboard */ = {
			isa = PBXVariantGroup;
			children = (
				669105AA25F25CEB00AEF065 /* Base */,
			);
			name = Main.storyboard;
			sourceTree = "<group>";
		};
		669105AE25F25CED00AEF065 /* LaunchScreen.storyboard */ = {
			isa = PBXVariantGroup;
			children = (
				669105AF25F25CED00AEF065 /* Base */,
			);
			name = LaunchScreen.storyboard;
			sourceTree = "<group>";
		};
/* End PBXVariantGroup section */

/* Begin XCBuildConfiguration section */
		669105B225F25CED00AEF065 /* Debug */ = {
			isa = XCBuildConfiguration;
			buildSettings = {
				ALWAYS_SEARCH_USER_PATHS = NO;
				CLANG_ANALYZER_NONNULL = YES;
				CLANG_ANALYZER_NUMBER_OBJECT_CONVERSION = YES_AGGRESSIVE;
				CLANG_CXX_LANGUAGE_STANDARD = "gnu++14";
				CLANG_CXX_LIBRARY = "libc++";
				CLANG_ENABLE_MODULES = YES;
				CLANG_ENABLE_OBJC_ARC = YES;
				CLANG_ENABLE_OBJC_WEAK = YES;
				CLANG_WARN_BLOCK_CAPTURE_AUTORELEASING = YES;
				CLANG_WARN_BOOL_CONVERSION = YES;
				CLANG_WARN_COMMA = YES;
				CLANG_WARN_CONSTANT_CONVERSION = YES;
				CLANG_WARN_DEPRECATED_OBJC_IMPLEMENTATIONS = YES;
				CLANG_WARN_DIRECT_OBJC_ISA_USAGE = YES_ERROR;
				CLANG_WARN_DOCUMENTATION_COMMENTS = YES;
				CLANG_WARN_EMPTY_BODY = YES;
				CLANG_WARN_ENUM_CONVERSION = YES;
				CLANG_WARN_INFINITE_RECURSION = YES;
				CLANG_WARN_INT_CONVERSION = YES;
				CLANG_WARN_NON_LITERAL_NULL_CONVERSION = YES;
				CLANG_WARN_OBJC_IMPLICIT_RETAIN_SELF = YES;
				CLANG_WARN_OBJC_LITERAL_CONVERSION = YES;
				CLANG_WARN_OBJC_ROOT_CLASS = YES_ERROR;
				CLANG_WARN_QUOTED_INCLUDE_IN_FRAMEWORK_HEADER = YES;
				CLANG_WARN_RANGE_LOOP_ANALYSIS = YES;
				CLANG_WARN_STRICT_PROTOTYPES = YES;
				CLANG_WARN_SUSPICIOUS_MOVE = YES;
				CLANG_WARN_UNGUARDED_AVAILABILITY = YES_AGGRESSIVE;
				CLANG_WARN_UNREACHABLE_CODE = YES;
				CLANG_WARN__DUPLICATE_METHOD_MATCH = YES;
				COPY_PHASE_STRIP = NO;
				DEBUG_INFORMATION_FORMAT = dwarf;
				ENABLE_STRICT_OBJC_MSGSEND = YES;
				ENABLE_TESTABILITY = YES;
				GCC_C_LANGUAGE_STANDARD = gnu11;
				GCC_DYNAMIC_NO_PIC = NO;
				GCC_NO_COMMON_BLOCKS = YES;
				GCC_OPTIMIZATION_LEVEL = 0;
				GCC_PREPROCESSOR_DEFINITIONS = (
					"DEBUG=1",
					"$(inherited)",
				);
				GCC_WARN_64_TO_32_BIT_CONVERSION = YES;
				GCC_WARN_ABOUT_RETURN_TYPE = YES_ERROR;
				GCC_WARN_UNDECLARED_SELECTOR = YES;
				GCC_WARN_UNINITIALIZED_AUTOS = YES_AGGRESSIVE;
				GCC_WARN_UNUSED_FUNCTION = YES;
				GCC_WARN_UNUSED_VARIABLE = YES;
				IPHONEOS_DEPLOYMENT_TARGET = 13.0;
				MTL_ENABLE_DEBUG_INFO = INCLUDE_SOURCE;
				MTL_FAST_MATH = YES;
				ONLY_ACTIVE_ARCH = YES;
				SDKROOT = iphoneos;
				SWIFT_ACTIVE_COMPILATION_CONDITIONS = DEBUG;
				SWIFT_OPTIMIZATION_LEVEL = "-Onone";
			};
			name = Debug;
		};
		669105B325F25CED00AEF065 /* Release */ = {
			isa = XCBuildConfiguration;
			buildSettings = {
				ALWAYS_SEARCH_USER_PATHS = NO;
				CLANG_ANALYZER_NONNULL = YES;
				CLANG_ANALYZER_NUMBER_OBJECT_CONVERSION = YES_AGGRESSIVE;
				CLANG_CXX_LANGUAGE_STANDARD = "gnu++14";
				CLANG_CXX_LIBRARY = "libc++";
				CLANG_ENABLE_MODULES = YES;
				CLANG_ENABLE_OBJC_ARC = YES;
				CLANG_ENABLE_OBJC_WEAK = YES;
				CLANG_WARN_BLOCK_CAPTURE_AUTORELEASING = YES;
				CLANG_WARN_BOOL_CONVERSION = YES;
				CLANG_WARN_COMMA = YES;
				CLANG_WARN_CONSTANT_CONVERSION = YES;
				CLANG_WARN_DEPRECATED_OBJC_IMPLEMENTATIONS = YES;
				CLANG_WARN_DIRECT_OBJC_ISA_USAGE = YES_ERROR;
				CLANG_WARN_DOCUMENTATION_COMMENTS = YES;
				CLANG_WARN_EMPTY_BODY = YES;
				CLANG_WARN_ENUM_CONVERSION = YES;
				CLANG_WARN_INFINITE_RECURSION = YES;
				CLANG_WARN_INT_CONVERSION = YES;
				CLANG_WARN_NON_LITERAL_NULL_CONVERSION = YES;
				CLANG_WARN_OBJC_IMPLICIT_RETAIN_SELF = YES;
				CLANG_WARN_OBJC_LITERAL_CONVERSION = YES;
				CLANG_WARN_OBJC_ROOT_CLASS = YES_ERROR;
				CLANG_WARN_QUOTED_INCLUDE_IN_FRAMEWORK_HEADER = YES;
				CLANG_WARN_RANGE_LOOP_ANALYSIS = YES;
				CLANG_WARN_STRICT_PROTOTYPES = YES;
				CLANG_WARN_SUSPICIOUS_MOVE = YES;
				CLANG_WARN_UNGUARDED_AVAILABILITY = YES_AGGRESSIVE;
				CLANG_WARN_UNREACHABLE_CODE = YES;
				CLANG_WARN__DUPLICATE_METHOD_MATCH = YES;
				COPY_PHASE_STRIP = NO;
				DEBUG_INFORMATION_FORMAT = "dwarf-with-dsym";
				ENABLE_NS_ASSERTIONS = NO;
				ENABLE_STRICT_OBJC_MSGSEND = YES;
				GCC_C_LANGUAGE_STANDARD = gnu11;
				GCC_NO_COMMON_BLOCKS = YES;
				GCC_WARN_64_TO_32_BIT_CONVERSION = YES;
				GCC_WARN_ABOUT_RETURN_TYPE = YES_ERROR;
				GCC_WARN_UNDECLARED_SELECTOR = YES;
				GCC_WARN_UNINITIALIZED_AUTOS = YES_AGGRESSIVE;
				GCC_WARN_UNUSED_FUNCTION = YES;
				GCC_WARN_UNUSED_VARIABLE = YES;
				IPHONEOS_DEPLOYMENT_TARGET = 13.0;
				MTL_ENABLE_DEBUG_INFO = NO;
				MTL_FAST_MATH = YES;
				SDKROOT = iphoneos;
				SWIFT_COMPILATION_MODE = wholemodule;
				SWIFT_OPTIMIZATION_LEVEL = "-O";
				VALIDATE_PRODUCT = YES;
			};
			name = Release;
		};
		669105B525F25CED00AEF065 /* Debug */ = {
			isa = XCBuildConfiguration;
			buildSettings = {
				ASSETCATALOG_COMPILER_APPICON_NAME = AppIcon;
				ASSETCATALOG_COMPILER_GLOBAL_ACCENT_COLOR_NAME = AccentColor;
				CODE_SIGN_STYLE = Automatic;
				DEVELOPMENT_TEAM = 5GWB2H668N;
				INFOPLIST_FILE = ImageDownloader/Helpers/Info.plist;
				IPHONEOS_DEPLOYMENT_TARGET = 13.0;
				LD_RUNPATH_SEARCH_PATHS = (
					"$(inherited)",
					"@executable_path/Frameworks",
				);
				PRODUCT_BUNDLE_IDENTIFIER = ru.zamprog.ImageDownloader;
				PRODUCT_NAME = "$(TARGET_NAME)";
				SWIFT_VERSION = 5.0;
				TARGETED_DEVICE_FAMILY = 1;
			};
			name = Debug;
		};
		669105B625F25CED00AEF065 /* Release */ = {
			isa = XCBuildConfiguration;
			buildSettings = {
				ASSETCATALOG_COMPILER_APPICON_NAME = AppIcon;
				ASSETCATALOG_COMPILER_GLOBAL_ACCENT_COLOR_NAME = AccentColor;
				CODE_SIGN_STYLE = Automatic;
				DEVELOPMENT_TEAM = 5GWB2H668N;
				INFOPLIST_FILE = ImageDownloader/Helpers/Info.plist;
				IPHONEOS_DEPLOYMENT_TARGET = 13.0;
				LD_RUNPATH_SEARCH_PATHS = (
					"$(inherited)",
					"@executable_path/Frameworks",
				);
				PRODUCT_BUNDLE_IDENTIFIER = ru.zamprog.ImageDownloader;
				PRODUCT_NAME = "$(TARGET_NAME)";
				SWIFT_VERSION = 5.0;
				TARGETED_DEVICE_FAMILY = 1;
			};
			name = Release;
		};
/* End XCBuildConfiguration section */

/* Begin XCConfigurationList section */
		6691059B25F25CEB00AEF065 /* Build configuration list for PBXProject "ImageDownloader" */ = {
			isa = XCConfigurationList;
			buildConfigurations = (
				669105B225F25CED00AEF065 /* Debug */,
				669105B325F25CED00AEF065 /* Release */,
			);
			defaultConfigurationIsVisible = 0;
			defaultConfigurationName = Release;
		};
		669105B425F25CED00AEF065 /* Build configuration list for PBXNativeTarget "ImageDownloader" */ = {
			isa = XCConfigurationList;
			buildConfigurations = (
				669105B525F25CED00AEF065 /* Debug */,
				669105B625F25CED00AEF065 /* Release */,
			);
			defaultConfigurationIsVisible = 0;
			defaultConfigurationName = Release;
		};
/* End XCConfigurationList section */
	};
	rootObject = 6691059825F25CEB00AEF065 /* Project object */;
}
